Microsoft Visual Studio Solution File, Format Version 12.00
# Visual Studio Version 17
VisualStudioVersion = 17.5.2.0
MinimumVisualStudioVersion = 10.0.40219.1
Project("{FAE04EC0-301F-11D3-BF4B-00C04F79EFBC}") = "DotNetSolidPrinciples", "DotNetSolidPrinciples.csproj", "{C5E4955D-D4BB-8643-9297-1A4C7BCCFF90}"
EndProject
Global
	GlobalSection(SolutionConfigurationPlatforms) = preSolution
		Debug|Any CPU = Debug|Any CPU
		Release|Any CPU = Release|Any CPU
	EndGlobalSection
	GlobalSection(ProjectConfigurationPlatforms) = postSolution
		{C5E4955D-D4BB-8643-9297-1A4C7BCCFF90}.Debug|Any CPU.ActiveCfg = Debug|Any CPU
		{C5E4955D-D4BB-8643-9297-1A4C7BCCFF90}.Debug|Any CPU.Build.0 = Debug|Any CPU
		{C5E4955D-D4BB-8643-9297-1A4C7BCCFF90}.Release|Any CPU.ActiveCfg = Release|Any CPU
		{C5E4955D-D4BB-8643-9297-1A4C7BCCFF90}.Release|Any CPU.Build.0 = Release|Any CPU
	EndGlobalSection
	GlobalSection(SolutionProperties) = preSolution
		HideSolutionNode = FALSE
	EndGlobalSection
	GlobalSection(ExtensibilityGlobals) = postSolution
		SolutionGuid = {EA310EA5-22FB-4775-ADE7-409017E0210A}
	EndGlobalSection
EndGlobal
